
Microsoft Visual Studio Solution File, Format Version 12.00
# Visual Studio Version 17
VisualStudioVersion = 17.0.31919.166
MinimumVisualStudioVersion = 10.0.40219.1
Project("{FAE04EC0-301F-11D3-BF4B-00C04F79EFBC}") = "WindowsFormControlComponent", "WindowsFormControlComponent\WindowsFormControlComponent.csproj", "{C909D59D-6BE8-4FA2-8D16-A3220366B840}"
EndProject
Global
	GlobalSection(SolutionConfigurationPlatforms) = preSolution
		Debug|Any CPU = Debug|Any CPU
		Release|Any CPU = Release|Any CPU
	EndGlobalSection
	GlobalSection(ProjectConfigurationPlatforms) = postSolution
		{C909D59D-6BE8-4FA2-8D16-A3220366B840}.Debug|Any CPU.ActiveCfg = Debug|Any CPU
		{C909D59D-6BE8-4FA2-8D16-A3220366B840}.Debug|Any CPU.Build.0 = Debug|Any CPU
		{C909D59D-6BE8-4FA2-8D16-A3220366B840}.Release|Any CPU.ActiveCfg = Release|Any CPU
		{C909D59D-6BE8-4FA2-8D16-A3220366B840}.Release|Any CPU.Build.0 = Release|Any CPU
	EndGlobalSection
	GlobalSection(SolutionProperties) = preSolution
		HideSolutionNode = FALSE
	EndGlobalSection
	GlobalSection(ExtensibilityGlobals) = postSolution
		SolutionGuid = {C63FC26A-FCD3-485B-9D51-0AB1D474FF56}
	EndGlobalSection
EndGlobal
